
Microsoft Visual Studio Solution File, Format Version 12.00
# Visual Studio Version 17
VisualStudioVersion = 17.12.35514.174
MinimumVisualStudioVersion = 10.0.40219.1
Project("{FAE04EC0-301F-11D3-BF4B-00C04F79EFBC}") = "FigmaDotNet", "Source\FigmaDotNet\FigmaDotNet.csproj", "{A7A96D56-5386-4FFA-92FB-85E528E97A83}"
EndProject
Project("{2150E333-8FDC-42A3-9474-1A3956D46DE8}") = "Projektmappenelemente", "Projektmappenelemente", "{EFA000CF-7ADA-4760-BE4D-CE33A95211BB}"
	ProjectSection(SolutionItems) = preProject
		.github\workflows\dotnet.yml = .github\workflows\dotnet.yml
		LICENSE = LICENSE
		README.md = README.md
	EndProjectSection
EndProject
Project("{FAE04EC0-301F-11D3-BF4B-00C04F79EFBC}") = "FigmaDotNet.Test", "Source\FigmaDotNet.Test\FigmaDotNet.Test.csproj", "{E95C54D2-24B6-4605-9F93-FC96D320FA68}"
EndProject
Global
	GlobalSection(SolutionConfigurationPlatforms) = preSolution
		Debug|Any CPU = Debug|Any CPU
		Release|Any CPU = Release|Any CPU
	EndGlobalSection
	GlobalSection(ProjectConfigurationPlatforms) = postSolution
		{A7A96D56-5386-4FFA-92FB-85E528E97A83}.Debug|Any CPU.ActiveCfg = Debug|Any CPU
		{A7A96D56-5386-4FFA-92FB-85E528E97A83}.Debug|Any CPU.Build.0 = Debug|Any CPU
		{A7A96D56-5386-4FFA-92FB-85E528E97A83}.Release|Any CPU.ActiveCfg = Release|Any CPU
		{A7A96D56-5386-4FFA-92FB-85E528E97A83}.Release|Any CPU.Build.0 = Release|Any CPU
		{E95C54D2-24B6-4605-9F93-FC96D320FA68}.Debug|Any CPU.ActiveCfg = Debug|Any CPU
		{E95C54D2-24B6-4605-9F93-FC96D320FA68}.Debug|Any CPU.Build.0 = Debug|Any CPU
		{E95C54D2-24B6-4605-9F93-FC96D320FA68}.Release|Any CPU.ActiveCfg = Release|Any CPU
		{E95C54D2-24B6-4605-9F93-FC96D320FA68}.Release|Any CPU.Build.0 = Release|Any CPU
	EndGlobalSection
	GlobalSection(SolutionProperties) = preSolution
		HideSolutionNode = FALSE
	EndGlobalSection
EndGlobal
